# THIS IS AN AUTOGENERATED FILE. DO NOT EDIT THIS FILE DIRECTLY.
# yarn lockfile v1


ansi-colors@^3.2.1:
  version "3.2.3"
  resolved "https://registry.yarnpkg.com/ansi-colors/-/ansi-colors-3.2.3.tgz#57d35b8686e851e2cc04c403f1c00203976a1813"
  integrity sha512-LEHHyuhlPY3TmuUYMh2oz89lTShfvgbmzaBcxve9t/9Wuy7Dwf4yoAKcND7KFT1HAQfqZ12qtc+DUrBMeKF9nw==

colors@^1.3.3:
  version "1.3.3"
  resolved "https://registry.yarnpkg.com/colors/-/colors-1.3.3.tgz#39e005d546afe01e01f9c4ca8fa50f686a01205d"
  integrity sha512-mmGt/1pZqYRjMxB1axhTo16/snVZ5krrKkcmMeVKxzECMMXoCgnvTPp10QgHfcbQZw8Dq2jMNG6je4JlWU0gWg==

log-utils@^1.0.0:
  version "1.0.0"
  resolved "https://registry.yarnpkg.com/log-utils/-/log-utils-1.0.0.tgz#159a5bf39439a77a3a2fd361215cad26023dfc28"
  integrity sha512-8djFr6wkux5KB7dgGbAwWYt4EUbJ+Z4ePdUMP+Bn7MePpoiXZoIx2SOnHCHfnDDNlPmVJvYPqvrpvpl1Xh9JvQ==
  dependencies:
    ansi-colors "^3.2.1"
    time-stamp "^2.2.0"

on-headers@^1.0.1:
  version "1.0.1"
  resolved "https://registry.yarnpkg.com/on-headers/-/on-headers-1.0.1.tgz#928f5d0f470d49342651ea6794b0857c100693f7"

time-stamp@^2.2.0:
  version "2.2.0"
  resolved "https://registry.yarnpkg.com/time-stamp/-/time-stamp-2.2.0.tgz#917e0a66905688790ec7bbbde04046259af83f57"
  integrity sha512-zxke8goJQpBeEgD82CXABeMh0LSJcj7CXEd0OHOg45HgcofF7pxNwZm9+RknpxpDhwN4gFpySkApKfFYfRQnUA==

"tjam-node-exceptions@http://git.tjam.jus.br/local-node-modules/tjam-node-exceptions.git#v1.0.4":
  version "1.0.4"
  resolved "http://git.tjam.jus.br/local-node-modules/tjam-node-exceptions.git#d85507be9cd8d07102aacdc2257e6f5e228ed0c0"

typescript@^2.7.2:
  version "2.8.1"
  resolved "https://registry.yarnpkg.com/typescript/-/typescript-2.8.1.tgz#6160e4f8f195d5ba81d4876f9c0cc1fbc0820624"
